// !$*UTF8*$!
{
	archiveVersion = 1;
	classes = {
	};
	objectVersion = 56;
	objects = {

/* Begin PBXBuildFile section */
		ABBA665C29B968160009401B /* Schrodinger_DifferentialApp.swift in Sources */ = {isa = PBXBuildFile; fileRef = ABBA665B29B968160009401B /* Schrodinger_DifferentialApp.swift */; };
		ABBA665E29B968160009401B /* ContentView.swift in Sources */ = {isa = PBXBuildFile; fileRef = ABBA665D29B968160009401B /* ContentView.swift */; };
		ABBA666029B968170009401B /* Assets.xcassets in Resources */ = {isa = PBXBuildFile; fileRef = ABBA665F29B968170009401B /* Assets.xcassets */; };
		ABBA666429B968170009401B /* Preview Assets.xcassets in Resources */ = {isa = PBXBuildFile; fileRef = ABBA666329B968170009401B /* Preview Assets.xcassets */; };
		ABBA666E29B968170009401B /* Schrodinger_DifferentialTests.swift in Sources */ = {isa = PBXBuildFile; fileRef = ABBA666D29B968170009401B /* Schrodinger_DifferentialTests.swift */; };
		ABBA667829B968170009401B /* Schrodinger_DifferentialUITests.swift in Sources */ = {isa = PBXBuildFile; fileRef = ABBA667729B968170009401B /* Schrodinger_DifferentialUITests.swift */; };
		ABBA667A29B968170009401B /* Schrodinger_DifferentialUITestsLaunchTests.swift in Sources */ = {isa = PBXBuildFile; fileRef = ABBA667929B968170009401B /* Schrodinger_DifferentialUITestsLaunchTests.swift */; };
/* End PBXBuildFile section */

/* Begin PBXContainerItemProxy section */
		ABBA666A29B968170009401B /* PBXContainerItemProxy */ = {
			isa = PBXContainerItemProxy;
			containerPortal = ABBA665029B968160009401B /* Project object */;
			proxyType = 1;
			remoteGlobalIDString = ABBA665729B968160009401B;
			remoteInfo = "Schrodinger Differential";
		};
		ABBA667429B968170009401B /* PBXContainerItemProxy */ = {
			isa = PBXContainerItemProxy;
			containerPortal = ABBA665029B968160009401B /* Project object */;
			proxyType = 1;
			remoteGlobalIDString = ABBA665729B968160009401B;
			remoteInfo = "Schrodinger Differential";
		};
/* End PBXContainerItemProxy section */

/* Begin PBXFileReference section */
		ABBA665829B968160009401B /* Schrodinger Differential.app */ = {isa = PBXFileReference; explicitFileType = wrapper.application; includeInIndex = 0; path = "Schrodinger Differential.app"; sourceTree = BUILT_PRODUCTS_DIR; };
		ABBA665B29B968160009401B /* Schrodinger_DifferentialApp.swift */ = {isa = PBXFileReference; lastKnownFileType = sourcecode.swift; path = Schrodinger_DifferentialApp.swift; sourceTree = "<group>"; };
		ABBA665D29B968160009401B /* ContentView.swift */ = {isa = PBXFileReference; lastKnownFileType = sourcecode.swift; path = ContentView.swift; sourceTree = "<group>"; };
		ABBA665F29B968170009401B /* Assets.xcassets */ = {isa = PBXFileReference; lastKnownFileType = folder.assetcatalog; path = Assets.xcassets; sourceTree = "<group>"; };
		ABBA666129B968170009401B /* Schrodinger_Differential.entitlements */ = {isa = PBXFileReference; lastKnownFileType = text.plist.entitlements; path = Schrodinger_Differential.entitlements; sourceTree = "<group>"; };
		ABBA666329B968170009401B /* Preview Assets.xcassets */ = {isa = PBXFileReference; lastKnownFileType = folder.assetcatalog; path = "Preview Assets.xcassets"; sourceTree = "<group>"; };
		ABBA666929B968170009401B /* Schrodinger DifferentialTests.xctest */ = {isa = PBXFileReference; explicitFileType = wrapper.cfbundle; includeInIndex = 0; path = "Schrodinger DifferentialTests.xctest"; sourceTree = BUILT_PRODUCTS_DIR; };
		ABBA666D29B968170009401B /* Schrodinger_DifferentialTests.swift */ = {isa = PBXFileReference; lastKnownFileType = sourcecode.swift; path = Schrodinger_DifferentialTests.swift; sourceTree = "<group>"; };
		ABBA667329B968170009401B /* Schrodinger DifferentialUITests.xctest */ = {isa = PBXFileReference; explicitFileType = wrapper.cfbundle; includeInIndex = 0; path = "Schrodinger DifferentialUITests.xctest"; sourceTree = BUILT_PRODUCTS_DIR; };
		ABBA667729B968170009401B /* Schrodinger_DifferentialUITests.swift */ = {isa = PBXFileReference; lastKnownFileType = sourcecode.swift; path = Schrodinger_DifferentialUITests.swift; sourceTree = "<group>"; };
		ABBA667929B968170009401B /* Schrodinger_DifferentialUITestsLaunchTests.swift */ = {isa = PBXFileReference; lastKnownFileType = sourcecode.swift; path = Schrodinger_DifferentialUITestsLaunchTests.swift; sourceTree = "<group>"; };
/* End PBXFileReference section */

/* Begin PBXFrameworksBuildPhase section */
		ABBA665529B968160009401B /* Frameworks */ = {
			isa = PBXFrameworksBuildPhase;
			buildActionMask = 2147483647;
			files = (
			);
			runOnlyForDeploymentPostprocessing = 0;
		};
		ABBA666629B968170009401B /* Frameworks */ = {
			isa = PBXFrameworksBuildPhase;
			buildActionMask = 2147483647;
			files = (
			);
			runOnlyForDeploymentPostprocessing = 0;
		};
		ABBA667029B968170009401B /* Frameworks */ = {
			isa = PBXFrameworksBuildPhase;
			buildActionMask = 2147483647;
			files = (
			);
			runOnlyForDeploymentPostprocessing = 0;
		};
/* End PBXFrameworksBuildPhase section */

/* Begin PBXGroup section */
		ABBA664F29B968160009401B = {
			isa = PBXGroup;
			children = (
				ABBA665A29B968160009401B /* Schrodinger Differential */,
				ABBA666C29B968170009401B /* Schrodinger DifferentialTests */,
				ABBA667629B968170009401B /* Schrodinger DifferentialUITests */,
				ABBA665929B968160009401B /* Products */,
			);
			sourceTree = "<group>";
		};
		ABBA665929B968160009401B /* Products */ = {
			isa = PBXGroup;
			children = (
				ABBA665829B968160009401B /* Schrodinger Differential.app */,
				ABBA666929B968170009401B /* Schrodinger DifferentialTests.xctest */,
				ABBA667329B968170009401B /* Schrodinger DifferentialUITests.xctest */,
			);
			name = Products;
			sourceTree = "<group>";
		};
		ABBA665A29B968160009401B /* Schrodinger Differential */ = {
			isa = PBXGroup;
			children = (
				ABBA665B29B968160009401B /* Schrodinger_DifferentialApp.swift */,
				ABBA665D29B968160009401B /* ContentView.swift */,
				ABBA665F29B968170009401B /* Assets.xcassets */,
				ABBA666129B968170009401B /* Schrodinger_Differential.entitlements */,
				ABBA666229B968170009401B /* Preview Content */,
			);
			path = "Schrodinger Differential";
			sourceTree = "<group>";
		};
		ABBA666229B968170009401B /* Preview Content */ = {
			isa = PBXGroup;
			children = (
				ABBA666329B968170009401B /* Preview Assets.xcassets */,
			);
			path = "Preview Content";
			sourceTree = "<group>";
		};
		ABBA666C29B968170009401B /* Schrodinger DifferentialTests */ = {
			isa = PBXGroup;
			children = (
				ABBA666D29B968170009401B /* Schrodinger_DifferentialTests.swift */,
			);
			path = "Schrodinger DifferentialTests";
			sourceTree = "<group>";
		};
		ABBA667629B968170009401B /* Schrodinger DifferentialUITests */ = {
			isa = PBXGroup;
			children = (
				ABBA667729B968170009401B /* Schrodinger_DifferentialUITests.swift */,
				ABBA667929B968170009401B /* Schrodinger_DifferentialUITestsLaunchTests.swift */,
			);
			path = "Schrodinger DifferentialUITests";
			sourceTree = "<group>";
		};
/* End PBXGroup section */

/* Begin PBXNativeTarget section */
		ABBA665729B968160009401B /* Schrodinger Differential */ = {
			isa = PBXNativeTarget;
			buildConfigurationList = ABBA667D29B968170009401B /* Build configuration list for PBXNativeTarget "Schrodinger Differential" */;
			buildPhases = (
				ABBA665429B968160009401B /* Sources */,
				ABBA665529B968160009401B /* Frameworks */,
				ABBA665629B968160009401B /* Resources */,
			);
			buildRules = (
			);
			dependencies = (
			);
			name = "Schrodinger Differential";
			productName = "Schrodinger Differential";
			productReference = ABBA665829B968160009401B /* Schrodinger Differential.app */;
			productType = "com.apple.product-type.application";
		};
		ABBA666829B968170009401B /* Schrodinger DifferentialTests */ = {
			isa = PBXNativeTarget;
			buildConfigurationList = ABBA668029B968170009401B /* Build configuration list for PBXNativeTarget "Schrodinger DifferentialTests" */;
			buildPhases = (
				ABBA666529B968170009401B /* Sources */,
				ABBA666629B968170009401B /* Frameworks */,
				ABBA666729B968170009401B /* Resources */,
			);
			buildRules = (
			);
			dependencies = (
				ABBA666B29B968170009401B /* PBXTargetDependency */,
			);
			name = "Schrodinger DifferentialTests";
			productName = "Schrodinger DifferentialTests";
			productReference = ABBA666929B968170009401B /* Schrodinger DifferentialTests.xctest */;
			productType = "com.apple.product-type.bundle.unit-test";
		};
		ABBA667229B968170009401B /* Schrodinger DifferentialUITests */ = {
			isa = PBXNativeTarget;
			buildConfigurationList = ABBA668329B968170009401B /* Build configuration list for PBXNativeTarget "Schrodinger DifferentialUITests" */;
			buildPhases = (
				ABBA666F29B968170009401B /* Sources */,
				ABBA667029B968170009401B /* Frameworks */,
				ABBA667129B968170009401B /* Resources */,
			);
			buildRules = (
			);
			dependencies = (
				ABBA667529B968170009401B /* PBXTargetDependency */,
			);
			name = "Schrodinger DifferentialUITests";
			productName = "Schrodinger DifferentialUITests";
			productReference = ABBA667329B968170009401B /* Schrodinger DifferentialUITests.xctest */;
			productType = "com.apple.product-type.bundle.ui-testing";
		};
/* End PBXNativeTarget section */

/* Begin PBXProject section */
		ABBA665029B968160009401B /* Project object */ = {
			isa = PBXProject;
			attributes = {
				BuildIndependentTargetsInParallel = 1;
				LastSwiftUpdateCheck = 1420;
				LastUpgradeCheck = 1420;
				TargetAttributes = {
					ABBA665729B968160009401B = {
						CreatedOnToolsVersion = 14.2;
					};
					ABBA666829B968170009401B = {
						CreatedOnToolsVersion = 14.2;
						TestTargetID = ABBA665729B968160009401B;
					};
					ABBA667229B968170009401B = {
						CreatedOnToolsVersion = 14.2;
						TestTargetID = ABBA665729B968160009401B;
					};
				};
			};
			buildConfigurationList = ABBA665329B968160009401B /* Build configuration list for PBXProject "Schrodinger Differential" */;
			compatibilityVersion = "Xcode 14.0";
			developmentRegion = en;
			hasScannedForEncodings = 0;
			knownRegions = (
				en,
				Base,
			);
			mainGroup = ABBA664F29B968160009401B;
			productRefGroup = ABBA665929B968160009401B /* Products */;
			projectDirPath = "";
			projectRoot = "";
			targets = (
				ABBA665729B968160009401B /* Schrodinger Differential */,
				ABBA666829B968170009401B /* Schrodinger DifferentialTests */,
				ABBA667229B968170009401B /* Schrodinger DifferentialUITests */,
			);
		};
/* End PBXProject section */

/* Begin PBXResourcesBuildPhase section */
		ABBA665629B968160009401B /* Resources */ = {
			isa = PBXResourcesBuildPhase;
			buildActionMask = 2147483647;
			files = (
				ABBA666429B968170009401B /* Preview Assets.xcassets in Resources */,
				ABBA666029B968170009401B /* Assets.xcassets in Resources */,
			);
			runOnlyForDeploymentPostprocessing = 0;
		};
		ABBA666729B968170009401B /* Resources */ = {
			isa = PBXResourcesBuildPhase;
			buildActionMask = 2147483647;
			files = (
			);
			runOnlyForDeploymentPostprocessing = 0;
		};
		ABBA667129B968170009401B /* Resources */ = {
			isa = PBXResourcesBuildPhase;
			buildActionMask = 2147483647;
			files = (
			);
			runOnlyForDeploymentPostprocessing = 0;
		};
/* End PBXResourcesBuildPhase section */

/* Begin PBXSourcesBuildPhase section */
		ABBA665429B968160009401B /* Sources */ = {
			isa = PBXSourcesBuildPhase;
			buildActionMask = 2147483647;
			files = (
				ABBA665E29B968160009401B /* ContentView.swift in Sources */,
				ABBA665C29B968160009401B /* Schrodinger_DifferentialApp.swift in Sources */,
			);
			runOnlyForDeploymentPostprocessing = 0;
		};
		ABBA666529B968170009401B /* Sources */ = {
			isa = PBXSourcesBuildPhase;
			buildActionMask = 2147483647;
			files = (
				ABBA666E29B968170009401B /* Schrodinger_DifferentialTests.swift in Sources */,
			);
			runOnlyForDeploymentPostprocessing = 0;
		};
		ABBA666F29B968170009401B /* Sources */ = {
			isa = PBXSourcesBuildPhase;
			buildActionMask = 2147483647;
			files = (
				ABBA667A29B968170009401B /* Schrodinger_DifferentialUITestsLaunchTests.swift in Sources */,
				ABBA667829B968170009401B /* Schrodinger_DifferentialUITests.swift in Sources */,
			);
			runOnlyForDeploymentPostprocessing = 0;
		};
/* End PBXSourcesBuildPhase section */

/* Begin PBXTargetDependency section */
		ABBA666B29B968170009401B /* PBXTargetDependency */ = {
			isa = PBXTargetDependency;
			target = ABBA665729B968160009401B /* Schrodinger Differential */;
			targetProxy = ABBA666A29B968170009401B /* PBXContainerItemProxy */;
		};
		ABBA667529B968170009401B /* PBXTargetDependency */ = {
			isa = PBXTargetDependency;
			target = ABBA665729B968160009401B /* Schrodinger Differential */;
			targetProxy = ABBA667429B968170009401B /* PBXContainerItemProxy */;
		};
/* End PBXTargetDependency section */

/* Begin XCBuildConfiguration section */
		ABBA667B29B968170009401B /* Debug */ = {
			isa = XCBuildConfiguration;
			buildSettings = {
				ALWAYS_SEARCH_USER_PATHS = NO;
				CLANG_ANALYZER_NONNULL = YES;
				CLANG_ANALYZER_NUMBER_OBJECT_CONVERSION = YES_AGGRESSIVE;
				CLANG_CXX_LANGUAGE_STANDARD = "gnu++20";
				CLANG_ENABLE_MODULES = YES;
				CLANG_ENABLE_OBJC_ARC = YES;
				CLANG_ENABLE_OBJC_WEAK = YES;
				CLANG_WARN_BLOCK_CAPTURE_AUTORELEASING = YES;
				CLANG_WARN_BOOL_CONVERSION = YES;
				CLANG_WARN_COMMA = YES;
				CLANG_WARN_CONSTANT_CONVERSION = YES;
				CLANG_WARN_DEPRECATED_OBJC_IMPLEMENTATIONS = YES;
				CLANG_WARN_DIRECT_OBJC_ISA_USAGE = YES_ERROR;
				CLANG_WARN_DOCUMENTATION_COMMENTS = YES;
				CLANG_WARN_EMPTY_BODY = YES;
				CLANG_WARN_ENUM_CONVERSION = YES;
				CLANG_WARN_INFINITE_RECURSION = YES;
				CLANG_WARN_INT_CONVERSION = YES;
				CLANG_WARN_NON_LITERAL_NULL_CONVERSION = YES;
				CLANG_WARN_OBJC_IMPLICIT_RETAIN_SELF = YES;
				CLANG_WARN_OBJC_LITERAL_CONVERSION = YES;
				CLANG_WARN_OBJC_ROOT_CLASS = YES_ERROR;
				CLANG_WARN_QUOTED_INCLUDE_IN_FRAMEWORK_HEADER = YES;
				CLANG_WARN_RANGE_LOOP_ANALYSIS = YES;
				CLANG_WARN_STRICT_PROTOTYPES = YES;
				CLANG_WARN_SUSPICIOUS_MOVE = YES;
				CLANG_WARN_UNGUARDED_AVAILABILITY = YES_AGGRESSIVE;
				CLANG_WARN_UNREACHABLE_CODE = YES;
				CLANG_WARN__DUPLICATE_METHOD_MATCH = YES;
				COPY_PHASE_STRIP = NO;
				DEBUG_INFORMATION_FORMAT = dwarf;
				ENABLE_STRICT_OBJC_MSGSEND = YES;
				ENABLE_TESTABILITY = YES;
				GCC_C_LANGUAGE_STANDARD = gnu11;
				GCC_DYNAMIC_NO_PIC = NO;
				GCC_NO_COMMON_BLOCKS = YES;
				GCC_OPTIMIZATION_LEVEL = 0;
				GCC_PREPROCESSOR_DEFINITIONS = (
					"DEBUG=1",
					"$(inherited)",
				);
				GCC_WARN_64_TO_32_BIT_CONVERSION = YES;
				GCC_WARN_ABOUT_RETURN_TYPE = YES_ERROR;
				GCC_WARN_UNDECLARED_SELECTOR = YES;
				GCC_WARN_UNINITIALIZED_AUTOS = YES_AGGRESSIVE;
				GCC_WARN_UNUSED_FUNCTION = YES;
				GCC_WARN_UNUSED_VARIABLE = YES;
				MTL_ENABLE_DEBUG_INFO = INCLUDE_SOURCE;
				MTL_FAST_MATH = YES;
				ONLY_ACTIVE_ARCH = YES;
				SWIFT_ACTIVE_COMPILATION_CONDITIONS = DEBUG;
				SWIFT_OPTIMIZATION_LEVEL = "-Onone";
			};
			name = Debug;
		};
		ABBA667C29B968170009401B /* Release */ = {
			isa = XCBuildConfiguration;
			buildSettings = {
				ALWAYS_SEARCH_USER_PATHS = NO;
				CLANG_ANALYZER_NONNULL = YES;
				CLANG_ANALYZER_NUMBER_OBJECT_CONVERSION = YES_AGGRESSIVE;
				CLANG_CXX_LANGUAGE_STANDARD = "gnu++20";
				CLANG_ENABLE_MODULES = YES;
				CLANG_ENABLE_OBJC_ARC = YES;
				CLANG_ENABLE_OBJC_WEAK = YES;
				CLANG_WARN_BLOCK_CAPTURE_AUTORELEASING = YES;
				CLANG_WARN_BOOL_CONVERSION = YES;
				CLANG_WARN_COMMA = YES;
				CLANG_WARN_CONSTANT_CONVERSION = YES;
				CLANG_WARN_DEPRECATED_OBJC_IMPLEMENTATIONS = YES;
				CLANG_WARN_DIRECT_OBJC_ISA_USAGE = YES_ERROR;
				CLANG_WARN_DOCUMENTATION_COMMENTS = YES;
				CLANG_WARN_EMPTY_BODY = YES;
				CLANG_WARN_ENUM_CONVERSION = YES;
				CLANG_WARN_INFINITE_RECURSION = YES;
				CLANG_WARN_INT_CONVERSION = YES;
				CLANG_WARN_NON_LITERAL_NULL_CONVERSION = YES;
				CLANG_WARN_OBJC_IMPLICIT_RETAIN_SELF = YES;
				CLANG_WARN_OBJC_LITERAL_CONVERSION = YES;
				CLANG_WARN_OBJC_ROOT_CLASS = YES_ERROR;
				CLANG_WARN_QUOTED_INCLUDE_IN_FRAMEWORK_HEADER = YES;
				CLANG_WARN_RANGE_LOOP_ANALYSIS = YES;
				CLANG_WARN_STRICT_PROTOTYPES = YES;
				CLANG_WARN_SUSPICIOUS_MOVE = YES;
				CLANG_WARN_UNGUARDED_AVAILABILITY = YES_AGGRESSIVE;
				CLANG_WARN_UNREACHABLE_CODE = YES;
				CLANG_WARN__DUPLICATE_METHOD_MATCH = YES;
				COPY_PHASE_STRIP = NO;
				DEBUG_INFORMATION_FORMAT = "dwarf-with-dsym";
				ENABLE_NS_ASSERTIONS = NO;
				ENABLE_STRICT_OBJC_MSGSEND = YES;
				GCC_C_LANGUAGE_STANDARD = gnu11;
				GCC_NO_COMMON_BLOCKS = YES;
				GCC_WARN_64_TO_32_BIT_CONVERSION = YES;
				GCC_WARN_ABOUT_RETURN_TYPE = YES_ERROR;
				GCC_WARN_UNDECLARED_SELECTOR = YES;
				GCC_WARN_UNINITIALIZED_AUTOS = YES_AGGRESSIVE;
				GCC_WARN_UNUSED_FUNCTION = YES;
				GCC_WARN_UNUSED_VARIABLE = YES;
				MTL_ENABLE_DEBUG_INFO = NO;
				MTL_FAST_MATH = YES;
				SWIFT_COMPILATION_MODE = wholemodule;
				SWIFT_OPTIMIZATION_LEVEL = "-O";
			};
			name = Release;
		};
		ABBA667E29B968170009401B /* Debug */ = {
			isa = XCBuildConfiguration;
			buildSettings = {
				ASSETCATALOG_COMPILER_APPICON_NAME = AppIcon;
				ASSETCATALOG_COMPILER_GLOBAL_ACCENT_COLOR_NAME = AccentColor;
				CODE_SIGN_ENTITLEMENTS = "Schrodinger Differential/Schrodinger_Differential.entitlements";
				CODE_SIGN_STYLE = Automatic;
				CURRENT_PROJECT_VERSION = 1;
				DEVELOPMENT_ASSET_PATHS = "\"Schrodinger Differential/Preview Content\"";
				DEVELOPMENT_TEAM = J7499352F9;
				ENABLE_HARDENED_RUNTIME = YES;
				ENABLE_PREVIEWS = YES;
				GENERATE_INFOPLIST_FILE = YES;
				"INFOPLIST_KEY_UIApplicationSceneManifest_Generation[sdk=iphoneos*]" = YES;
				"INFOPLIST_KEY_UIApplicationSceneManifest_Generation[sdk=iphonesimulator*]" = YES;
				"INFOPLIST_KEY_UIApplicationSupportsIndirectInputEvents[sdk=iphoneos*]" = YES;
				"INFOPLIST_KEY_UIApplicationSupportsIndirectInputEvents[sdk=iphonesimulator*]" = YES;
				"INFOPLIST_KEY_UILaunchScreen_Generation[sdk=iphoneos*]" = YES;
				"INFOPLIST_KEY_UILaunchScreen_Generation[sdk=iphonesimulator*]" = YES;
				"INFOPLIST_KEY_UIStatusBarStyle[sdk=iphoneos*]" = UIStatusBarStyleDefault;
				"INFOPLIST_KEY_UIStatusBarStyle[sdk=iphonesimulator*]" = UIStatusBarStyleDefault;
				INFOPLIST_KEY_UISupportedInterfaceOrientations_iPad = "UIInterfaceOrientationPortrait UIInterfaceOrientationPortraitUpsideDown UIInterfaceOrientationLandscapeLeft UIInterfaceOrientationLandscapeRight";
				INFOPLIST_KEY_UISupportedInterfaceOrientations_iPhone = "UIInterfaceOrientationPortrait UIInterfaceOrientationLandscapeLeft UIInterfaceOrientationLandscapeRight";
				IPHONEOS_DEPLOYMENT_TARGET = 16.2;
				LD_RUNPATH_SEARCH_PATHS = "@executable_path/Frameworks";
				"LD_RUNPATH_SEARCH_PATHS[sdk=macosx*]" = "@executable_path/../Frameworks";
				MACOSX_DEPLOYMENT_TARGET = 13.1;
				MARKETING_VERSION = 1.0;
				PRODUCT_BUNDLE_IDENTIFIER = "com.TF.Schrodinger-Differential";
				PRODUCT_NAME = "$(TARGET_NAME)";
				SDKROOT = auto;
				SUPPORTED_PLATFORMS = "iphoneos iphonesimulator macosx";
				SWIFT_EMIT_LOC_STRINGS = YES;
				SWIFT_VERSION = 5.0;
				TARGETED_DEVICE_FAMILY = "1,2";
			};
			name = Debug;
		};
		ABBA667F29B968170009401B /* Release */ = {
			isa = XCBuildConfiguration;
			buildSettings = {
				ASSETCATALOG_COMPILER_APPICON_NAME = AppIcon;
				ASSETCATALOG_COMPILER_GLOBAL_ACCENT_COLOR_NAME = AccentColor;
				CODE_SIGN_ENTITLEMENTS = "Schrodinger Differential/Schrodinger_Differential.entitlements";
				CODE_SIGN_STYLE = Automatic;
				CURRENT_PROJECT_VERSION = 1;
				DEVELOPMENT_ASSET_PATHS = "\"Schrodinger Differential/Preview Content\"";
				DEVELOPMENT_TEAM = J7499352F9;
				ENABLE_HARDENED_RUNTIME = YES;
				ENABLE_PREVIEWS = YES;
				GENERATE_INFOPLIST_FILE = YES;
				"INFOPLIST_KEY_UIApplicationSceneManifest_Generation[sdk=iphoneos*]" = YES;
				"INFOPLIST_KEY_UIApplicationSceneManifest_Generation[sdk=iphonesimulator*]" = YES;
				"INFOPLIST_KEY_UIApplicationSupportsIndirectInputEvents[sdk=iphoneos*]" = YES;
				"INFOPLIST_KEY_UIApplicationSupportsIndirectInputEvents[sdk=iphonesimulator*]" = YES;
				"INFOPLIST_KEY_UILaunchScreen_Generation[sdk=iphoneos*]" = YES;
				"INFOPLIST_KEY_UILaunchScreen_Generation[sdk=iphonesimulator*]" = YES;
				"INFOPLIST_KEY_UIStatusBarStyle[sdk=iphoneos*]" = UIStatusBarStyleDefault;
				"INFOPLIST_KEY_UIStatusBarStyle[sdk=iphonesimulator*]" = UIStatusBarStyleDefault;
				INFOPLIST_KEY_UISupportedInterfaceOrientations_iPad = "UIInterfaceOrientationPortrait UIInterfaceOrientationPortraitUpsideDown UIInterfaceOrientationLandscapeLeft UIInterfaceOrientationLandscapeRight";
				INFOPLIST_KEY_UISupportedInterfaceOrientations_iPhone = "UIInterfaceOrientationPortrait UIInterfaceOrientationLandscapeLeft UIInterfaceOrientationLandscapeRight";
				IPHONEOS_DEPLOYMENT_TARGET = 16.2;
				LD_RUNPATH_SEARCH_PATHS = "@executable_path/Frameworks";
				"LD_RUNPATH_SEARCH_PATHS[sdk=macosx*]" = "@executable_path/../Frameworks";
				MACOSX_DEPLOYMENT_TARGET = 13.1;
				MARKETING_VERSION = 1.0;
				PRODUCT_BUNDLE_IDENTIFIER = "com.TF.Schrodinger-Differential";
				PRODUCT_NAME = "$(TARGET_NAME)";
				SDKROOT = auto;
				SUPPORTED_PLATFORMS = "iphoneos iphonesimulator macosx";
				SWIFT_EMIT_LOC_STRINGS = YES;
				SWIFT_VERSION = 5.0;
				TARGETED_DEVICE_FAMILY = "1,2";
			};
			name = Release;
		};
		ABBA668129B968170009401B /* Debug */ = {
			isa = XCBuildConfiguration;
			buildSettings = {
				ALWAYS_EMBED_SWIFT_STANDARD_LIBRARIES = YES;
				BUNDLE_LOADER = "$(TEST_HOST)";
				CODE_SIGN_STYLE = Automatic;
				CURRENT_PROJECT_VERSION = 1;
				DEVELOPMENT_TEAM = J7499352F9;
				GENERATE_INFOPLIST_FILE = YES;
				IPHONEOS_DEPLOYMENT_TARGET = 16.2;
				MACOSX_DEPLOYMENT_TARGET = 13.1;
				MARKETING_VERSION = 1.0;
				PRODUCT_BUNDLE_IDENTIFIER = "com.TF.Schrodinger-DifferentialTests";
				PRODUCT_NAME = "$(TARGET_NAME)";
				SDKROOT = auto;
				SUPPORTED_PLATFORMS = "iphoneos iphonesimulator macosx";
				SWIFT_EMIT_LOC_STRINGS = NO;
				SWIFT_VERSION = 5.0;
				TARGETED_DEVICE_FAMILY = "1,2";
				TEST_HOST = "$(BUILT_PRODUCTS_DIR)/Schrodinger Differential.app/$(BUNDLE_EXECUTABLE_FOLDER_PATH)/Schrodinger Differential";
			};
			name = Debug;
		};
		ABBA668229B968170009401B /* Release */ = {
			isa = XCBuildConfiguration;
			buildSettings = {
				ALWAYS_EMBED_SWIFT_STANDARD_LIBRARIES = YES;
				BUNDLE_LOADER = "$(TEST_HOST)";
				CODE_SIGN_STYLE = Automatic;
				CURRENT_PROJECT_VERSION = 1;
				DEVELOPMENT_TEAM = J7499352F9;
				GENERATE_INFOPLIST_FILE = YES;
				IPHONEOS_DEPLOYMENT_TARGET = 16.2;
				MACOSX_DEPLOYMENT_TARGET = 13.1;
				MARKETING_VERSION = 1.0;
				PRODUCT_BUNDLE_IDENTIFIER = "com.TF.Schrodinger-DifferentialTests";
				PRODUCT_NAME = "$(TARGET_NAME)";
				SDKROOT = auto;
				SUPPORTED_PLATFORMS = "iphoneos iphonesimulator macosx";
				SWIFT_EMIT_LOC_STRINGS = NO;
				SWIFT_VERSION = 5.0;
				TARGETED_DEVICE_FAMILY = "1,2";
				TEST_HOST = "$(BUILT_PRODUCTS_DIR)/Schrodinger Differential.app/$(BUNDLE_EXECUTABLE_FOLDER_PATH)/Schrodinger Differential";
			};
			name = Release;
		};
		ABBA668429B968170009401B /* Debug */ = {
			isa = XCBuildConfiguration;
			buildSettings = {
				ALWAYS_EMBED_SWIFT_STANDARD_LIBRARIES = YES;
				CODE_SIGN_STYLE = Automatic;
				CURRENT_PROJECT_VERSION = 1;
				DEVELOPMENT_TEAM = J7499352F9;
				GENERATE_INFOPLIST_FILE = YES;
				IPHONEOS_DEPLOYMENT_TARGET = 16.2;
				MACOSX_DEPLOYMENT_TARGET = 13.1;
				MARKETING_VERSION = 1.0;
				PRODUCT_BUNDLE_IDENTIFIER = "com.TF.Schrodinger-DifferentialUITests";
				PRODUCT_NAME = "$(TARGET_NAME)";
				SDKROOT = auto;
				SUPPORTED_PLATFORMS = "iphoneos iphonesimulator macosx";
				SWIFT_EMIT_LOC_STRINGS = NO;
				SWIFT_VERSION = 5.0;
				TARGETED_DEVICE_FAMILY = "1,2";
				TEST_TARGET_NAME = "Schrodinger Differential";
			};
			name = Debug;
		};
		ABBA668529B968170009401B /* Release */ = {
			isa = XCBuildConfiguration;
			buildSettings = {
				ALWAYS_EMBED_SWIFT_STANDARD_LIBRARIES = YES;
				CODE_SIGN_STYLE = Automatic;
				CURRENT_PROJECT_VERSION = 1;
				DEVELOPMENT_TEAM = J7499352F9;
				GENERATE_INFOPLIST_FILE = YES;
				IPHONEOS_DEPLOYMENT_TARGET = 16.2;
				MACOSX_DEPLOYMENT_TARGET = 13.1;
				MARKETING_VERSION = 1.0;
				PRODUCT_BUNDLE_IDENTIFIER = "com.TF.Schrodinger-DifferentialUITests";
				PRODUCT_NAME = "$(TARGET_NAME)";
				SDKROOT = auto;
				SUPPORTED_PLATFORMS = "iphoneos iphonesimulator macosx";
				SWIFT_EMIT_LOC_STRINGS = NO;
				SWIFT_VERSION = 5.0;
				TARGETED_DEVICE_FAMILY = "1,2";
				TEST_TARGET_NAME = "Schrodinger Differential";
			};
			name = Release;
		};
/* End XCBuildConfiguration section */

/* Begin XCConfigurationList section */
		ABBA665329B968160009401B /* Build configuration list for PBXProject "Schrodinger Differential" */ = {
			isa = XCConfigurationList;
			buildConfigurations = (
				ABBA667B29B968170009401B /* Debug */,
				ABBA667C29B968170009401B /* Release */,
			);
			defaultConfigurationIsVisible = 0;
			defaultConfigurationName = Release;
		};
		ABBA667D29B968170009401B /* Build configuration list for PBXNativeTarget "Schrodinger Differential" */ = {
			isa = XCConfigurationList;
			buildConfigurations = (
				ABBA667E29B968170009401B /* Debug */,
				ABBA667F29B968170009401B /* Release */,
			);
			defaultConfigurationIsVisible = 0;
			defaultConfigurationName = Release;
		};
		ABBA668029B968170009401B /* Build configuration list for PBXNativeTarget "Schrodinger DifferentialTests" */ = {
			isa = XCConfigurationList;
			buildConfigurations = (
				ABBA668129B968170009401B /* Debug */,
				ABBA668229B968170009401B /* Release */,
			);
			defaultConfigurationIsVisible = 0;
			defaultConfigurationName = Release;
		};
		ABBA668329B968170009401B /* Build configuration list for PBXNativeTarget "Schrodinger DifferentialUITests" */ = {
			isa = XCConfigurationList;
			buildConfigurations = (
				ABBA668429B968170009401B /* Debug */,
				ABBA668529B968170009401B /* Release */,
			);
			defaultConfigurationIsVisible = 0;
			defaultConfigurationName = Release;
		};
/* End XCConfigurationList section */
	};
	rootObject = ABBA665029B968160009401B /* Project object */;
}
